
Microsoft Visual Studio Solution File, Format Version 12.00
# Visual Studio Version 16
VisualStudioVersion = 16.0.32802.440
MinimumVisualStudioVersion = 10.0.40219.1
Project("{FAE04EC0-301F-11D3-BF4B-00C04F79EFBC}") = "AdvansysRevitAssembly", "AdvansysRevitAssembly\AdvansysRevitAssembly.csproj", "{79B586BD-AA87-47E3-93CC-678086926B40}"
EndProject
Project("{54435603-DBB4-11D2-8724-00A0C9A8B90C}") = "AdvansysRevitSetup", "AdvansysRevitSetup\AdvansysRevitSetup.vdproj", "{4E085DE2-4423-4ADD-AFC7-174D657031FC}"
EndProject
Global
	GlobalSection(SolutionConfigurationPlatforms) = preSolution
		Debug|Any CPU = Debug|Any CPU
		Release|Any CPU = Release|Any CPU
	EndGlobalSection
	GlobalSection(ProjectConfigurationPlatforms) = postSolution
		{79B586BD-AA87-47E3-93CC-678086926B40}.Debug|Any CPU.ActiveCfg = Debug|Any CPU
		{79B586BD-AA87-47E3-93CC-678086926B40}.Debug|Any CPU.Build.0 = Debug|Any CPU
		{79B586BD-AA87-47E3-93CC-678086926B40}.Release|Any CPU.ActiveCfg = Release|Any CPU
		{79B586BD-AA87-47E3-93CC-678086926B40}.Release|Any CPU.Build.0 = Release|Any CPU
		{4E085DE2-4423-4ADD-AFC7-174D657031FC}.Debug|Any CPU.ActiveCfg = Debug
		{4E085DE2-4423-4ADD-AFC7-174D657031FC}.Release|Any CPU.ActiveCfg = Release
	EndGlobalSection
	GlobalSection(SolutionProperties) = preSolution
		HideSolutionNode = FALSE
	EndGlobalSection
	GlobalSection(ExtensibilityGlobals) = postSolution
		SolutionGuid = {69CE2CE6-4EBD-4E34-8B40-E088281780F5}
	EndGlobalSection
EndGlobal
